// !$*UTF8*$!
{
	archiveVersion = 1;
	classes = {
	};
	objectVersion = 56;
	objects = {

/* Begin PBXBuildFile section */
		AA2E32FC2B88A4C800351154 /* GFUserInfoHeaderVC.swift in Sources */ = {isa = PBXBuildFile; fileRef = AA2E32FB2B88A4C800351154 /* GFUserInfoHeaderVC.swift */; };
		AA2E32FE2B88A55500351154 /* GFSecondaryTitleLabel.swift in Sources */ = {isa = PBXBuildFile; fileRef = AA2E32FD2B88A55500351154 /* GFSecondaryTitleLabel.swift */; };
		AA2E33002B88ADBF00351154 /* Constants.swift in Sources */ = {isa = PBXBuildFile; fileRef = AA2E32FF2B88ADBF00351154 /* Constants.swift */; };
		AA2E33022B88D4D800351154 /* GFItemInfoView.swift in Sources */ = {isa = PBXBuildFile; fileRef = AA2E33012B88D4D800351154 /* GFItemInfoView.swift */; };
		AA3434552B7A335500C789A3 /* AppDelegate.swift in Sources */ = {isa = PBXBuildFile; fileRef = AA3434542B7A335500C789A3 /* AppDelegate.swift */; };
		AA3434572B7A335500C789A3 /* SceneDelegate.swift in Sources */ = {isa = PBXBuildFile; fileRef = AA3434562B7A335500C789A3 /* SceneDelegate.swift */; };
		AA34345E2B7A335800C789A3 /* Assets.xcassets in Resources */ = {isa = PBXBuildFile; fileRef = AA34345D2B7A335800C789A3 /* Assets.xcassets */; };
		AA3434612B7A335800C789A3 /* LaunchScreen.storyboard in Resources */ = {isa = PBXBuildFile; fileRef = AA34345F2B7A335800C789A3 /* LaunchScreen.storyboard */; };
		AA4878D02B7FA1510082C413 /* UIHelper.swift in Sources */ = {isa = PBXBuildFile; fileRef = AA4878CF2B7FA1510082C413 /* UIHelper.swift */; };
		AA7FF72A2B8F10A900116C74 /* PersistenceManager.swift in Sources */ = {isa = PBXBuildFile; fileRef = AA7FF7292B8F10A900116C74 /* PersistenceManager.swift */; };
		AA7FF72C2B8F526700116C74 /* FavoriteCell.swift in Sources */ = {isa = PBXBuildFile; fileRef = AA7FF72B2B8F526700116C74 /* FavoriteCell.swift */; };
		AA93D96F2B7C97E700779C75 /* UIViewController+Extension.swift in Sources */ = {isa = PBXBuildFile; fileRef = AA93D96E2B7C97E600779C75 /* UIViewController+Extension.swift */; };
		AA93D9752B7CA87400779C75 /* Follower.swift in Sources */ = {isa = PBXBuildFile; fileRef = AA93D9742B7CA87400779C75 /* Follower.swift */; };
		AA93D9772B7CA93D00779C75 /* User.swift in Sources */ = {isa = PBXBuildFile; fileRef = AA93D9762B7CA93D00779C75 /* User.swift */; };
		AA93D97A2B7CAE8E00779C75 /* NetworkManager.swift in Sources */ = {isa = PBXBuildFile; fileRef = AA93D9792B7CAE8E00779C75 /* NetworkManager.swift */; };
		AA93D97D2B7CD37200779C75 /* GFError.swift in Sources */ = {isa = PBXBuildFile; fileRef = AA93D97C2B7CD37200779C75 /* GFError.swift */; };
		AA93D9802B7CDCF300779C75 /* FollowerCell.swift in Sources */ = {isa = PBXBuildFile; fileRef = AA93D97F2B7CDCF300779C75 /* FollowerCell.swift */; };
		AA93D9822B7CDD8800779C75 /* GFAvatarImageView.swift in Sources */ = {isa = PBXBuildFile; fileRef = AA93D9812B7CDD8800779C75 /* GFAvatarImageView.swift */; };
		AAAB547D2B910E890031BC4F /* GFTabBarController.swift in Sources */ = {isa = PBXBuildFile; fileRef = AAAB547C2B910E890031BC4F /* GFTabBarController.swift */; };
		AAD375232B7A49CA0053C52C /* SearchVC.swift in Sources */ = {isa = PBXBuildFile; fileRef = AAD375222B7A49C90053C52C /* SearchVC.swift */; };
		AAD375252B7A49FE0053C52C /* FavoritesListVC.swift in Sources */ = {isa = PBXBuildFile; fileRef = AAD375242B7A49FE0053C52C /* FavoritesListVC.swift */; };
		AAD375272B7A4F2D0053C52C /* GFButton.swift in Sources */ = {isa = PBXBuildFile; fileRef = AAD375262B7A4F2D0053C52C /* GFButton.swift */; };
		AAD375292B7A60980053C52C /* GFTextField.swift in Sources */ = {isa = PBXBuildFile; fileRef = AAD375282B7A60980053C52C /* GFTextField.swift */; };
		AAD3752C2B7B43DD0053C52C /* UIView+Extension.swift in Sources */ = {isa = PBXBuildFile; fileRef = AAD3752B2B7B43DD0053C52C /* UIView+Extension.swift */; };
		AAD3752E2B7B4EFA0053C52C /* FollowerListVC.swift in Sources */ = {isa = PBXBuildFile; fileRef = AAD3752D2B7B4EFA0053C52C /* FollowerListVC.swift */; };
		AAD375302B7B58E40053C52C /* GFTitleLabel.swift in Sources */ = {isa = PBXBuildFile; fileRef = AAD3752F2B7B58E40053C52C /* GFTitleLabel.swift */; };
		AAD375322B7B5A470053C52C /* GFBodyLabel.swift in Sources */ = {isa = PBXBuildFile; fileRef = AAD375312B7B5A470053C52C /* GFBodyLabel.swift */; };
		AAD375342B7B5B7C0053C52C /* GFAlertVC.swift in Sources */ = {isa = PBXBuildFile; fileRef = AAD375332B7B5B7C0053C52C /* GFAlertVC.swift */; };
		AAD61EF92B8CAB6700C2F24C /* GFItemInfoVC.swift in Sources */ = {isa = PBXBuildFile; fileRef = AAD61EF82B8CAB6700C2F24C /* GFItemInfoVC.swift */; };
		AAD61EFB2B8CAF7700C2F24C /* GFRepoItemVC.swift in Sources */ = {isa = PBXBuildFile; fileRef = AAD61EFA2B8CAF7700C2F24C /* GFRepoItemVC.swift */; };
		AAD61EFD2B8CB50100C2F24C /* GFFollowerItemVC.swift in Sources */ = {isa = PBXBuildFile; fileRef = AAD61EFC2B8CB50100C2F24C /* GFFollowerItemVC.swift */; };
		AAD61F022B8CB8E600C2F24C /* Date+Extension.swift in Sources */ = {isa = PBXBuildFile; fileRef = AAD61F012B8CB8E600C2F24C /* Date+Extension.swift */; };
		AAD61F042B8CB90100C2F24C /* String+Extension.swift in Sources */ = {isa = PBXBuildFile; fileRef = AAD61F032B8CB90100C2F24C /* String+Extension.swift */; };
		AADAE4962B862C14001A04EC /* GFEmptyStateView.swift in Sources */ = {isa = PBXBuildFile; fileRef = AADAE4952B862C14001A04EC /* GFEmptyStateView.swift */; };
		AADAE4982B864017001A04EC /* UserInfoVC.swift in Sources */ = {isa = PBXBuildFile; fileRef = AADAE4972B864017001A04EC /* UserInfoVC.swift */; };
/* End PBXBuildFile section */

/* Begin PBXFileReference section */
		AA2E32FB2B88A4C800351154 /* GFUserInfoHeaderVC.swift */ = {isa = PBXFileReference; lastKnownFileType = sourcecode.swift; path = GFUserInfoHeaderVC.swift; sourceTree = "<group>"; };
		AA2E32FD2B88A55500351154 /* GFSecondaryTitleLabel.swift */ = {isa = PBXFileReference; lastKnownFileType = sourcecode.swift; path = GFSecondaryTitleLabel.swift; sourceTree = "<group>"; };
		AA2E32FF2B88ADBF00351154 /* Constants.swift */ = {isa = PBXFileReference; lastKnownFileType = sourcecode.swift; path = Constants.swift; sourceTree = "<group>"; };
		AA2E33012B88D4D800351154 /* GFItemInfoView.swift */ = {isa = PBXFileReference; lastKnownFileType = sourcecode.swift; path = GFItemInfoView.swift; sourceTree = "<group>"; };
		AA3434512B7A335500C789A3 /* TakeHomeProject.app */ = {isa = PBXFileReference; explicitFileType = wrapper.application; includeInIndex = 0; path = TakeHomeProject.app; sourceTree = BUILT_PRODUCTS_DIR; };
		AA3434542B7A335500C789A3 /* AppDelegate.swift */ = {isa = PBXFileReference; lastKnownFileType = sourcecode.swift; path = AppDelegate.swift; sourceTree = "<group>"; };
		AA3434562B7A335500C789A3 /* SceneDelegate.swift */ = {isa = PBXFileReference; lastKnownFileType = sourcecode.swift; path = SceneDelegate.swift; sourceTree = "<group>"; };
		AA34345D2B7A335800C789A3 /* Assets.xcassets */ = {isa = PBXFileReference; lastKnownFileType = folder.assetcatalog; path = Assets.xcassets; sourceTree = "<group>"; };
		AA3434602B7A335800C789A3 /* Base */ = {isa = PBXFileReference; lastKnownFileType = file.storyboard; name = Base; path = Base.lproj/LaunchScreen.storyboard; sourceTree = "<group>"; };
		AA3434622B7A335800C789A3 /* Info.plist */ = {isa = PBXFileReference; lastKnownFileType = text.plist.xml; path = Info.plist; sourceTree = "<group>"; };
		AA4878CF2B7FA1510082C413 /* UIHelper.swift */ = {isa = PBXFileReference; lastKnownFileType = sourcecode.swift; path = UIHelper.swift; sourceTree = "<group>"; };
		AA7FF7292B8F10A900116C74 /* PersistenceManager.swift */ = {isa = PBXFileReference; lastKnownFileType = sourcecode.swift; path = PersistenceManager.swift; sourceTree = "<group>"; };
		AA7FF72B2B8F526700116C74 /* FavoriteCell.swift */ = {isa = PBXFileReference; lastKnownFileType = sourcecode.swift; path = FavoriteCell.swift; sourceTree = "<group>"; };
		AA93D96E2B7C97E600779C75 /* UIViewController+Extension.swift */ = {isa = PBXFileReference; lastKnownFileType = sourcecode.swift; path = "UIViewController+Extension.swift"; sourceTree = "<group>"; };
		AA93D9742B7CA87400779C75 /* Follower.swift */ = {isa = PBXFileReference; lastKnownFileType = sourcecode.swift; path = Follower.swift; sourceTree = "<group>"; };
		AA93D9762B7CA93D00779C75 /* User.swift */ = {isa = PBXFileReference; lastKnownFileType = sourcecode.swift; path = User.swift; sourceTree = "<group>"; };
		AA93D9792B7CAE8E00779C75 /* NetworkManager.swift */ = {isa = PBXFileReference; lastKnownFileType = sourcecode.swift; path = NetworkManager.swift; sourceTree = "<group>"; };
		AA93D97C2B7CD37200779C75 /* GFError.swift */ = {isa = PBXFileReference; lastKnownFileType = sourcecode.swift; path = GFError.swift; sourceTree = "<group>"; };
		AA93D97F2B7CDCF300779C75 /* FollowerCell.swift */ = {isa = PBXFileReference; lastKnownFileType = sourcecode.swift; path = FollowerCell.swift; sourceTree = "<group>"; };
		AA93D9812B7CDD8800779C75 /* GFAvatarImageView.swift */ = {isa = PBXFileReference; lastKnownFileType = sourcecode.swift; path = GFAvatarImageView.swift; sourceTree = "<group>"; };
		AAAB547C2B910E890031BC4F /* GFTabBarController.swift */ = {isa = PBXFileReference; lastKnownFileType = sourcecode.swift; path = GFTabBarController.swift; sourceTree = "<group>"; };
		AAD375222B7A49C90053C52C /* SearchVC.swift */ = {isa = PBXFileReference; lastKnownFileType = sourcecode.swift; path = SearchVC.swift; sourceTree = "<group>"; };
		AAD375242B7A49FE0053C52C /* FavoritesListVC.swift */ = {isa = PBXFileReference; lastKnownFileType = sourcecode.swift; path = FavoritesListVC.swift; sourceTree = "<group>"; };
		AAD375262B7A4F2D0053C52C /* GFButton.swift */ = {isa = PBXFileReference; lastKnownFileType = sourcecode.swift; path = GFButton.swift; sourceTree = "<group>"; };
		AAD375282B7A60980053C52C /* GFTextField.swift */ = {isa = PBXFileReference; lastKnownFileType = sourcecode.swift; path = GFTextField.swift; sourceTree = "<group>"; };
		AAD3752B2B7B43DD0053C52C /* UIView+Extension.swift */ = {isa = PBXFileReference; lastKnownFileType = sourcecode.swift; path = "UIView+Extension.swift"; sourceTree = "<group>"; };
		AAD3752D2B7B4EFA0053C52C /* FollowerListVC.swift */ = {isa = PBXFileReference; lastKnownFileType = sourcecode.swift; path = FollowerListVC.swift; sourceTree = "<group>"; };
		AAD3752F2B7B58E40053C52C /* GFTitleLabel.swift */ = {isa = PBXFileReference; lastKnownFileType = sourcecode.swift; path = GFTitleLabel.swift; sourceTree = "<group>"; };
		AAD375312B7B5A470053C52C /* GFBodyLabel.swift */ = {isa = PBXFileReference; lastKnownFileType = sourcecode.swift; path = GFBodyLabel.swift; sourceTree = "<group>"; };
		AAD375332B7B5B7C0053C52C /* GFAlertVC.swift */ = {isa = PBXFileReference; lastKnownFileType = sourcecode.swift; path = GFAlertVC.swift; sourceTree = "<group>"; };
		AAD61EF82B8CAB6700C2F24C /* GFItemInfoVC.swift */ = {isa = PBXFileReference; lastKnownFileType = sourcecode.swift; path = GFItemInfoVC.swift; sourceTree = "<group>"; };
		AAD61EFA2B8CAF7700C2F24C /* GFRepoItemVC.swift */ = {isa = PBXFileReference; lastKnownFileType = sourcecode.swift; path = GFRepoItemVC.swift; sourceTree = "<group>"; };
		AAD61EFC2B8CB50100C2F24C /* GFFollowerItemVC.swift */ = {isa = PBXFileReference; lastKnownFileType = sourcecode.swift; path = GFFollowerItemVC.swift; sourceTree = "<group>"; };
		AAD61F012B8CB8E600C2F24C /* Date+Extension.swift */ = {isa = PBXFileReference; lastKnownFileType = sourcecode.swift; path = "Date+Extension.swift"; sourceTree = "<group>"; };
		AAD61F032B8CB90100C2F24C /* String+Extension.swift */ = {isa = PBXFileReference; lastKnownFileType = sourcecode.swift; path = "String+Extension.swift"; sourceTree = "<group>"; };
		AADAE4952B862C14001A04EC /* GFEmptyStateView.swift */ = {isa = PBXFileReference; lastKnownFileType = sourcecode.swift; path = GFEmptyStateView.swift; sourceTree = "<group>"; };
		AADAE4972B864017001A04EC /* UserInfoVC.swift */ = {isa = PBXFileReference; lastKnownFileType = sourcecode.swift; path = UserInfoVC.swift; sourceTree = "<group>"; };
/* End PBXFileReference section */

/* Begin PBXFrameworksBuildPhase section */
		AA34344E2B7A335500C789A3 /* Frameworks */ = {
			isa = PBXFrameworksBuildPhase;
			buildActionMask = 2147483647;
			files = (
			);
			runOnlyForDeploymentPostprocessing = 0;
		};
/* End PBXFrameworksBuildPhase section */

/* Begin PBXGroup section */
		AA3434482B7A335500C789A3 = {
			isa = PBXGroup;
			children = (
				AA3434532B7A335500C789A3 /* TakeHomeProject */,
				AA3434522B7A335500C789A3 /* Products */,
			);
			sourceTree = "<group>";
		};
		AA3434522B7A335500C789A3 /* Products */ = {
			isa = PBXGroup;
			children = (
				AA3434512B7A335500C789A3 /* TakeHomeProject.app */,
			);
			name = Products;
			sourceTree = "<group>";
		};
		AA3434532B7A335500C789A3 /* TakeHomeProject */ = {
			isa = PBXGroup;
			children = (
				AA3434622B7A335800C789A3 /* Info.plist */,
				AA93D9722B7CA34F00779C75 /* Support */,
				AA93D9732B7CA86900779C75 /* Model */,
				AA93D9702B7CA28200779C75 /* Screens */,
				AA93D9712B7CA2BC00779C75 /* Custom Views */,
				AA93D9782B7CAE7500779C75 /* Managers */,
				AA93D97B2B7CD32000779C75 /* Utils */,
				AAD3752A2B7B43C70053C52C /* Extensions */,
			);
			path = TakeHomeProject;
			sourceTree = "<group>";
		};
		AA93D9702B7CA28200779C75 /* Screens */ = {
			isa = PBXGroup;
			children = (
				AAD375222B7A49C90053C52C /* SearchVC.swift */,
				AAD3752D2B7B4EFA0053C52C /* FollowerListVC.swift */,
				AAD375242B7A49FE0053C52C /* FavoritesListVC.swift */,
				AADAE4972B864017001A04EC /* UserInfoVC.swift */,
			);
			path = Screens;
			sourceTree = "<group>";
		};
		AA93D9712B7CA2BC00779C75 /* Custom Views */ = {
			isa = PBXGroup;
			children = (
				AAAB547B2B910E6F0031BC4F /* TabBarControllers */,
				AADAE4922B862BA4001A04EC /* ViewControllers */,
				AADAE4942B862BEA001A04EC /* Views */,
				AADAE4932B862BBC001A04EC /* Labels */,
				AADAE4912B862B9E001A04EC /* ImageViews */,
				AADAE4902B862B97001A04EC /* TextFields */,
				AADAE48F2B862B91001A04EC /* Buttons */,
				AA93D97E2B7CDCD200779C75 /* Cells */,
			);
			path = "Custom Views";
			sourceTree = "<group>";
		};
		AA93D9722B7CA34F00779C75 /* Support */ = {
			isa = PBXGroup;
			children = (
				AA3434542B7A335500C789A3 /* AppDelegate.swift */,
				AA3434562B7A335500C789A3 /* SceneDelegate.swift */,
				AA34345D2B7A335800C789A3 /* Assets.xcassets */,
				AA34345F2B7A335800C789A3 /* LaunchScreen.storyboard */,
			);
			path = Support;
			sourceTree = "<group>";
		};
		AA93D9732B7CA86900779C75 /* Model */ = {
			isa = PBXGroup;
			children = (
				AA93D9742B7CA87400779C75 /* Follower.swift */,
				AA93D9762B7CA93D00779C75 /* User.swift */,
			);
			path = Model;
			sourceTree = "<group>";
		};
		AA93D9782B7CAE7500779C75 /* Managers */ = {
			isa = PBXGroup;
			children = (
				AA93D9792B7CAE8E00779C75 /* NetworkManager.swift */,
				AA7FF7292B8F10A900116C74 /* PersistenceManager.swift */,
			);
			path = Managers;
			sourceTree = "<group>";
		};
		AA93D97B2B7CD32000779C75 /* Utils */ = {
			isa = PBXGroup;
			children = (
				AA93D97C2B7CD37200779C75 /* GFError.swift */,
				AA4878CF2B7FA1510082C413 /* UIHelper.swift */,
				AA2E32FF2B88ADBF00351154 /* Constants.swift */,
			);
			path = Utils;
			sourceTree = "<group>";
		};
		AA93D97E2B7CDCD200779C75 /* Cells */ = {
			isa = PBXGroup;
			children = (
				AA93D97F2B7CDCF300779C75 /* FollowerCell.swift */,
				AA7FF72B2B8F526700116C74 /* FavoriteCell.swift */,
			);
			path = Cells;
			sourceTree = "<group>";
		};
		AAAB547B2B910E6F0031BC4F /* TabBarControllers */ = {
			isa = PBXGroup;
			children = (
				AAAB547C2B910E890031BC4F /* GFTabBarController.swift */,
			);
			path = TabBarControllers;
			sourceTree = "<group>";
		};
		AAD3752A2B7B43C70053C52C /* Extensions */ = {
			isa = PBXGroup;
			children = (
				AAD3752B2B7B43DD0053C52C /* UIView+Extension.swift */,
				AA93D96E2B7C97E600779C75 /* UIViewController+Extension.swift */,
				AAD61F012B8CB8E600C2F24C /* Date+Extension.swift */,
				AAD61F032B8CB90100C2F24C /* String+Extension.swift */,
			);
			path = Extensions;
			sourceTree = "<group>";
		};
		AAD61EFE2B8CB55500C2F24C /* ItemInfoVCs */ = {
			isa = PBXGroup;
			children = (
				AAD61EF82B8CAB6700C2F24C /* GFItemInfoVC.swift */,
				AAD61EFC2B8CB50100C2F24C /* GFFollowerItemVC.swift */,
				AAD61EFA2B8CAF7700C2F24C /* GFRepoItemVC.swift */,
			);
			path = ItemInfoVCs;
			sourceTree = "<group>";
		};
		AADAE48F2B862B91001A04EC /* Buttons */ = {
			isa = PBXGroup;
			children = (
				AAD375262B7A4F2D0053C52C /* GFButton.swift */,
			);
			path = Buttons;
			sourceTree = "<group>";
		};
		AADAE4902B862B97001A04EC /* TextFields */ = {
			isa = PBXGroup;
			children = (
				AAD375282B7A60980053C52C /* GFTextField.swift */,
			);
			path = TextFields;
			sourceTree = "<group>";
		};
		AADAE4912B862B9E001A04EC /* ImageViews */ = {
			isa = PBXGroup;
			children = (
				AA93D9812B7CDD8800779C75 /* GFAvatarImageView.swift */,
			);
			path = ImageViews;
			sourceTree = "<group>";
		};
		AADAE4922B862BA4001A04EC /* ViewControllers */ = {
			isa = PBXGroup;
			children = (
				AAD61EFE2B8CB55500C2F24C /* ItemInfoVCs */,
				AAD375332B7B5B7C0053C52C /* GFAlertVC.swift */,
				AA2E32FB2B88A4C800351154 /* GFUserInfoHeaderVC.swift */,
			);
			path = ViewControllers;
			sourceTree = "<group>";
		};
		AADAE4932B862BBC001A04EC /* Labels */ = {
			isa = PBXGroup;
			children = (
				AAD3752F2B7B58E40053C52C /* GFTitleLabel.swift */,
				AAD375312B7B5A470053C52C /* GFBodyLabel.swift */,
				AA2E32FD2B88A55500351154 /* GFSecondaryTitleLabel.swift */,
			);
			path = Labels;
			sourceTree = "<group>";
		};
		AADAE4942B862BEA001A04EC /* Views */ = {
			isa = PBXGroup;
			children = (
				AADAE4952B862C14001A04EC /* GFEmptyStateView.swift */,
				AA2E33012B88D4D800351154 /* GFItemInfoView.swift */,
			);
			path = Views;
			sourceTree = "<group>";
		};
/* End PBXGroup section */

/* Begin PBXNativeTarget section */
		AA3434502B7A335500C789A3 /* TakeHomeProject */ = {
			isa = PBXNativeTarget;
			buildConfigurationList = AA3434652B7A335800C789A3 /* Build configuration list for PBXNativeTarget "TakeHomeProject" */;
			buildPhases = (
				AA34344D2B7A335500C789A3 /* Sources */,
				AA34344E2B7A335500C789A3 /* Frameworks */,
				AA34344F2B7A335500C789A3 /* Resources */,
			);
			buildRules = (
			);
			dependencies = (
			);
			name = TakeHomeProject;
			productName = TakeHomeProject;
			productReference = AA3434512B7A335500C789A3 /* TakeHomeProject.app */;
			productType = "com.apple.product-type.application";
		};
/* End PBXNativeTarget section */

/* Begin PBXProject section */
		AA3434492B7A335500C789A3 /* Project object */ = {
			isa = PBXProject;
			attributes = {
				BuildIndependentTargetsInParallel = 1;
				LastSwiftUpdateCheck = 1500;
				LastUpgradeCheck = 1500;
				TargetAttributes = {
					AA3434502B7A335500C789A3 = {
						CreatedOnToolsVersion = 15.0.1;
					};
				};
			};
			buildConfigurationList = AA34344C2B7A335500C789A3 /* Build configuration list for PBXProject "TakeHomeProject" */;
			compatibilityVersion = "Xcode 14.0";
			developmentRegion = en;
			hasScannedForEncodings = 0;
			knownRegions = (
				en,
				Base,
			);
			mainGroup = AA3434482B7A335500C789A3;
			productRefGroup = AA3434522B7A335500C789A3 /* Products */;
			projectDirPath = "";
			projectRoot = "";
			targets = (
				AA3434502B7A335500C789A3 /* TakeHomeProject */,
			);
		};
/* End PBXProject section */

/* Begin PBXResourcesBuildPhase section */
		AA34344F2B7A335500C789A3 /* Resources */ = {
			isa = PBXResourcesBuildPhase;
			buildActionMask = 2147483647;
			files = (
				AA3434612B7A335800C789A3 /* LaunchScreen.storyboard in Resources */,
				AA34345E2B7A335800C789A3 /* Assets.xcassets in Resources */,
			);
			runOnlyForDeploymentPostprocessing = 0;
		};
/* End PBXResourcesBuildPhase section */

/* Begin PBXSourcesBuildPhase section */
		AA34344D2B7A335500C789A3 /* Sources */ = {
			isa = PBXSourcesBuildPhase;
			buildActionMask = 2147483647;
			files = (
				AA93D97D2B7CD37200779C75 /* GFError.swift in Sources */,
				AA93D96F2B7C97E700779C75 /* UIViewController+Extension.swift in Sources */,
				AAD375292B7A60980053C52C /* GFTextField.swift in Sources */,
				AA2E32FC2B88A4C800351154 /* GFUserInfoHeaderVC.swift in Sources */,
				AAD3752C2B7B43DD0053C52C /* UIView+Extension.swift in Sources */,
				AAD375252B7A49FE0053C52C /* FavoritesListVC.swift in Sources */,
				AADAE4962B862C14001A04EC /* GFEmptyStateView.swift in Sources */,
				AA2E32FE2B88A55500351154 /* GFSecondaryTitleLabel.swift in Sources */,
				AAD375272B7A4F2D0053C52C /* GFButton.swift in Sources */,
				AAD375232B7A49CA0053C52C /* SearchVC.swift in Sources */,
				AA93D9802B7CDCF300779C75 /* FollowerCell.swift in Sources */,
				AA93D9822B7CDD8800779C75 /* GFAvatarImageView.swift in Sources */,
				AA7FF72A2B8F10A900116C74 /* PersistenceManager.swift in Sources */,
				AA7FF72C2B8F526700116C74 /* FavoriteCell.swift in Sources */,
				AAD61EFB2B8CAF7700C2F24C /* GFRepoItemVC.swift in Sources */,
				AA93D9772B7CA93D00779C75 /* User.swift in Sources */,
				AADAE4982B864017001A04EC /* UserInfoVC.swift in Sources */,
				AAD375342B7B5B7C0053C52C /* GFAlertVC.swift in Sources */,
				AAD61F022B8CB8E600C2F24C /* Date+Extension.swift in Sources */,
				AA93D9752B7CA87400779C75 /* Follower.swift in Sources */,
				AA3434552B7A335500C789A3 /* AppDelegate.swift in Sources */,
				AAD375302B7B58E40053C52C /* GFTitleLabel.swift in Sources */,
				AAD61EF92B8CAB6700C2F24C /* GFItemInfoVC.swift in Sources */,
				AAD61EFD2B8CB50100C2F24C /* GFFollowerItemVC.swift in Sources */,
				AAD3752E2B7B4EFA0053C52C /* FollowerListVC.swift in Sources */,
				AA4878D02B7FA1510082C413 /* UIHelper.swift in Sources */,
				AA93D97A2B7CAE8E00779C75 /* NetworkManager.swift in Sources */,
				AA3434572B7A335500C789A3 /* SceneDelegate.swift in Sources */,
				AA2E33022B88D4D800351154 /* GFItemInfoView.swift in Sources */,
				AAD375322B7B5A470053C52C /* GFBodyLabel.swift in Sources */,
				AAD61F042B8CB90100C2F24C /* String+Extension.swift in Sources */,
				AA2E33002B88ADBF00351154 /* Constants.swift in Sources */,
				AAAB547D2B910E890031BC4F /* GFTabBarController.swift in Sources */,
			);
			runOnlyForDeploymentPostprocessing = 0;
		};
/* End PBXSourcesBuildPhase section */

/* Begin PBXVariantGroup section */
		AA34345F2B7A335800C789A3 /* LaunchScreen.storyboard */ = {
			isa = PBXVariantGroup;
			children = (
				AA3434602B7A335800C789A3 /* Base */,
			);
			name = LaunchScreen.storyboard;
			sourceTree = "<group>";
		};
/* End PBXVariantGroup section */

/* Begin XCBuildConfiguration section */
		AA3434632B7A335800C789A3 /* Debug */ = {
			isa = XCBuildConfiguration;
			buildSettings = {
				ALWAYS_SEARCH_USER_PATHS = NO;
				ASSETCATALOG_COMPILER_GENERATE_SWIFT_ASSET_SYMBOL_EXTENSIONS = YES;
				CLANG_ANALYZER_NONNULL = YES;
				CLANG_ANALYZER_NUMBER_OBJECT_CONVERSION = YES_AGGRESSIVE;
				CLANG_CXX_LANGUAGE_STANDARD = "gnu++20";
				CLANG_ENABLE_MODULES = YES;
				CLANG_ENABLE_OBJC_ARC = YES;
				CLANG_ENABLE_OBJC_WEAK = YES;
				CLANG_WARN_BLOCK_CAPTURE_AUTORELEASING = YES;
				CLANG_WARN_BOOL_CONVERSION = YES;
				CLANG_WARN_COMMA = YES;
				CLANG_WARN_CONSTANT_CONVERSION = YES;
				CLANG_WARN_DEPRECATED_OBJC_IMPLEMENTATIONS = YES;
				CLANG_WARN_DIRECT_OBJC_ISA_USAGE = YES_ERROR;
				CLANG_WARN_DOCUMENTATION_COMMENTS = YES;
				CLANG_WARN_EMPTY_BODY = YES;
				CLANG_WARN_ENUM_CONVERSION = YES;
				CLANG_WARN_INFINITE_RECURSION = YES;
				CLANG_WARN_INT_CONVERSION = YES;
				CLANG_WARN_NON_LITERAL_NULL_CONVERSION = YES;
				CLANG_WARN_OBJC_IMPLICIT_RETAIN_SELF = YES;
				CLANG_WARN_OBJC_LITERAL_CONVERSION = YES;
				CLANG_WARN_OBJC_ROOT_CLASS = YES_ERROR;
				CLANG_WARN_QUOTED_INCLUDE_IN_FRAMEWORK_HEADER = YES;
				CLANG_WARN_RANGE_LOOP_ANALYSIS = YES;
				CLANG_WARN_STRICT_PROTOTYPES = YES;
				CLANG_WARN_SUSPICIOUS_MOVE = YES;
				CLANG_WARN_UNGUARDED_AVAILABILITY = YES_AGGRESSIVE;
				CLANG_WARN_UNREACHABLE_CODE = YES;
				CLANG_WARN__DUPLICATE_METHOD_MATCH = YES;
				COPY_PHASE_STRIP = NO;
				DEBUG_INFORMATION_FORMAT = dwarf;
				ENABLE_STRICT_OBJC_MSGSEND = YES;
				ENABLE_TESTABILITY = YES;
				ENABLE_USER_SCRIPT_SANDBOXING = YES;
				GCC_C_LANGUAGE_STANDARD = gnu17;
				GCC_DYNAMIC_NO_PIC = NO;
				GCC_NO_COMMON_BLOCKS = YES;
				GCC_OPTIMIZATION_LEVEL = 0;
				GCC_PREPROCESSOR_DEFINITIONS = (
					"DEBUG=1",
					"$(inherited)",
				);
				GCC_WARN_64_TO_32_BIT_CONVERSION = YES;
				GCC_WARN_ABOUT_RETURN_TYPE = YES_ERROR;
				GCC_WARN_UNDECLARED_SELECTOR = YES;
				GCC_WARN_UNINITIALIZED_AUTOS = YES_AGGRESSIVE;
				GCC_WARN_UNUSED_FUNCTION = YES;
				GCC_WARN_UNUSED_VARIABLE = YES;
				IPHONEOS_DEPLOYMENT_TARGET = 17.0;
				LOCALIZATION_PREFERS_STRING_CATALOGS = YES;
				MTL_ENABLE_DEBUG_INFO = INCLUDE_SOURCE;
				MTL_FAST_MATH = YES;
				ONLY_ACTIVE_ARCH = YES;
				SDKROOT = iphoneos;
				SWIFT_ACTIVE_COMPILATION_CONDITIONS = "DEBUG $(inherited)";
				SWIFT_OPTIMIZATION_LEVEL = "-Onone";
			};
			name = Debug;
		};
		AA3434642B7A335800C789A3 /* Release */ = {
			isa = XCBuildConfiguration;
			buildSettings = {
				ALWAYS_SEARCH_USER_PATHS = NO;
				ASSETCATALOG_COMPILER_GENERATE_SWIFT_ASSET_SYMBOL_EXTENSIONS = YES;
				CLANG_ANALYZER_NONNULL = YES;
				CLANG_ANALYZER_NUMBER_OBJECT_CONVERSION = YES_AGGRESSIVE;
				CLANG_CXX_LANGUAGE_STANDARD = "gnu++20";
				CLANG_ENABLE_MODULES = YES;
				CLANG_ENABLE_OBJC_ARC = YES;
				CLANG_ENABLE_OBJC_WEAK = YES;
				CLANG_WARN_BLOCK_CAPTURE_AUTORELEASING = YES;
				CLANG_WARN_BOOL_CONVERSION = YES;
				CLANG_WARN_COMMA = YES;
				CLANG_WARN_CONSTANT_CONVERSION = YES;
				CLANG_WARN_DEPRECATED_OBJC_IMPLEMENTATIONS = YES;
				CLANG_WARN_DIRECT_OBJC_ISA_USAGE = YES_ERROR;
				CLANG_WARN_DOCUMENTATION_COMMENTS = YES;
				CLANG_WARN_EMPTY_BODY = YES;
				CLANG_WARN_ENUM_CONVERSION = YES;
				CLANG_WARN_INFINITE_RECURSION = YES;
				CLANG_WARN_INT_CONVERSION = YES;
				CLANG_WARN_NON_LITERAL_NULL_CONVERSION = YES;
				CLANG_WARN_OBJC_IMPLICIT_RETAIN_SELF = YES;
				CLANG_WARN_OBJC_LITERAL_CONVERSION = YES;
				CLANG_WARN_OBJC_ROOT_CLASS = YES_ERROR;
				CLANG_WARN_QUOTED_INCLUDE_IN_FRAMEWORK_HEADER = YES;
				CLANG_WARN_RANGE_LOOP_ANALYSIS = YES;
				CLANG_WARN_STRICT_PROTOTYPES = YES;
				CLANG_WARN_SUSPICIOUS_MOVE = YES;
				CLANG_WARN_UNGUARDED_AVAILABILITY = YES_AGGRESSIVE;
				CLANG_WARN_UNREACHABLE_CODE = YES;
				CLANG_WARN__DUPLICATE_METHOD_MATCH = YES;
				COPY_PHASE_STRIP = NO;
				DEBUG_INFORMATION_FORMAT = "dwarf-with-dsym";
				ENABLE_NS_ASSERTIONS = NO;
				ENABLE_STRICT_OBJC_MSGSEND = YES;
				ENABLE_USER_SCRIPT_SANDBOXING = YES;
				GCC_C_LANGUAGE_STANDARD = gnu17;
				GCC_NO_COMMON_BLOCKS = YES;
				GCC_WARN_64_TO_32_BIT_CONVERSION = YES;
				GCC_WARN_ABOUT_RETURN_TYPE = YES_ERROR;
				GCC_WARN_UNDECLARED_SELECTOR = YES;
				GCC_WARN_UNINITIALIZED_AUTOS = YES_AGGRESSIVE;
				GCC_WARN_UNUSED_FUNCTION = YES;
				GCC_WARN_UNUSED_VARIABLE = YES;
				IPHONEOS_DEPLOYMENT_TARGET = 17.0;
				LOCALIZATION_PREFERS_STRING_CATALOGS = YES;
				MTL_ENABLE_DEBUG_INFO = NO;
				MTL_FAST_MATH = YES;
				SDKROOT = iphoneos;
				SWIFT_COMPILATION_MODE = wholemodule;
				VALIDATE_PRODUCT = YES;
			};
			name = Release;
		};
		AA3434662B7A335800C789A3 /* Debug */ = {
			isa = XCBuildConfiguration;
			buildSettings = {
				ASSETCATALOG_COMPILER_APPICON_NAME = AppIcon;
				ASSETCATALOG_COMPILER_GLOBAL_ACCENT_COLOR_NAME = AccentColor;
				CODE_SIGN_STYLE = Automatic;
				CURRENT_PROJECT_VERSION = 1;
				DEVELOPMENT_TEAM = AM3BMZ58QA;
				GENERATE_INFOPLIST_FILE = YES;
				INFOPLIST_FILE = TakeHomeProject/Info.plist;
				INFOPLIST_KEY_UIApplicationSupportsIndirectInputEvents = YES;
				INFOPLIST_KEY_UILaunchStoryboardName = LaunchScreen;
				INFOPLIST_KEY_UISupportedInterfaceOrientations = UIInterfaceOrientationPortrait;
				INFOPLIST_KEY_UISupportedInterfaceOrientations_iPad = "UIInterfaceOrientationPortrait UIInterfaceOrientationPortraitUpsideDown";
				LD_RUNPATH_SEARCH_PATHS = (
					"$(inherited)",
					"@executable_path/Frameworks",
				);
				MARKETING_VERSION = 1.0;
				PRODUCT_BUNDLE_IDENTIFIER = com.berkinkoca.TakeHomeProject;
				PRODUCT_NAME = "$(TARGET_NAME)";
				SWIFT_EMIT_LOC_STRINGS = YES;
				SWIFT_VERSION = 5.0;
				TARGETED_DEVICE_FAMILY = "1,2";
			};
			name = Debug;
		};
		AA3434672B7A335800C789A3 /* Release */ = {
			isa = XCBuildConfiguration;
			buildSettings = {
				ASSETCATALOG_COMPILER_APPICON_NAME = AppIcon;
				ASSETCATALOG_COMPILER_GLOBAL_ACCENT_COLOR_NAME = AccentColor;
				CODE_SIGN_STYLE = Automatic;
				CURRENT_PROJECT_VERSION = 1;
				DEVELOPMENT_TEAM = AM3BMZ58QA;
				GENERATE_INFOPLIST_FILE = YES;
				INFOPLIST_FILE = TakeHomeProject/Info.plist;
				INFOPLIST_KEY_UIApplicationSupportsIndirectInputEvents = YES;
				INFOPLIST_KEY_UILaunchStoryboardName = LaunchScreen;
				INFOPLIST_KEY_UISupportedInterfaceOrientations = UIInterfaceOrientationPortrait;
				INFOPLIST_KEY_UISupportedInterfaceOrientations_iPad = "UIInterfaceOrientationPortrait UIInterfaceOrientationPortraitUpsideDown";
				LD_RUNPATH_SEARCH_PATHS = (
					"$(inherited)",
					"@executable_path/Frameworks",
				);
				MARKETING_VERSION = 1.0;
				PRODUCT_BUNDLE_IDENTIFIER = com.berkinkoca.TakeHomeProject;
				PRODUCT_NAME = "$(TARGET_NAME)";
				SWIFT_EMIT_LOC_STRINGS = YES;
				SWIFT_VERSION = 5.0;
				TARGETED_DEVICE_FAMILY = "1,2";
			};
			name = Release;
		};
/* End XCBuildConfiguration section */

/* Begin XCConfigurationList section */
		AA34344C2B7A335500C789A3 /* Build configuration list for PBXProject "TakeHomeProject" */ = {
			isa = XCConfigurationList;
			buildConfigurations = (
				AA3434632B7A335800C789A3 /* Debug */,
				AA3434642B7A335800C789A3 /* Release */,
			);
			defaultConfigurationIsVisible = 0;
			defaultConfigurationName = Release;
		};
		AA3434652B7A335800C789A3 /* Build configuration list for PBXNativeTarget "TakeHomeProject" */ = {
			isa = XCConfigurationList;
			buildConfigurations = (
				AA3434662B7A335800C789A3 /* Debug */,
				AA3434672B7A335800C789A3 /* Release */,
			);
			defaultConfigurationIsVisible = 0;
			defaultConfigurationName = Release;
		};
/* End XCConfigurationList section */
	};
	rootObject = AA3434492B7A335500C789A3 /* Project object */;
}
